
Microsoft Visual Studio Solution File, Format Version 12.00
# Visual Studio Version 17
VisualStudioVersion = 17.8.34330.188
MinimumVisualStudioVersion = 10.0.40219.1
Project("{FAE04EC0-301F-11D3-BF4B-00C04F79EFBC}") = "HRTech", "HRTech\HRTech.csproj", "{56D985AA-52F1-4DA9-ABE7-5230D89BCEF4}"
EndProject
Global
	GlobalSection(SolutionConfigurationPlatforms) = preSolution
		Debug|Any CPU = Debug|Any CPU
		Release|Any CPU = Release|Any CPU
	EndGlobalSection
	GlobalSection(ProjectConfigurationPlatforms) = postSolution
		{56D985AA-52F1-4DA9-ABE7-5230D89BCEF4}.Debug|Any CPU.ActiveCfg = Debug|Any CPU
		{56D985AA-52F1-4DA9-ABE7-5230D89BCEF4}.Debug|Any CPU.Build.0 = Debug|Any CPU
		{56D985AA-52F1-4DA9-ABE7-5230D89BCEF4}.Release|Any CPU.ActiveCfg = Release|Any CPU
		{56D985AA-52F1-4DA9-ABE7-5230D89BCEF4}.Release|Any CPU.Build.0 = Release|Any CPU
	EndGlobalSection
	GlobalSection(SolutionProperties) = preSolution
		HideSolutionNode = FALSE
	EndGlobalSection
	GlobalSection(ExtensibilityGlobals) = postSolution
		SolutionGuid = {DAF83DFD-48DB-42C1-807D-C2C16DE3045B}
	EndGlobalSection
EndGlobal
